
Microsoft Visual Studio Solution File, Format Version 12.00
# Visual Studio Version 16
VisualStudioVersion = 16.0.29728.190
MinimumVisualStudioVersion = 10.0.40219.1
Project("{9A19103F-16F7-4668-BE54-9A1E7A4F7556}") = "Core", "src\Core\Core.csproj", "{57DC0FBD-4985-4321-B226-16D3F11918E5}"
EndProject
Project("{9A19103F-16F7-4668-BE54-9A1E7A4F7556}") = "Infrastructure", "src\Infrastructure\Infrastructure.csproj", "{D0E8D127-9333-4378-BA4C-665940973611}"
EndProject
Project("{9A19103F-16F7-4668-BE54-9A1E7A4F7556}") = "SchoolWebApp.UI", "src\SchoolWebApp.UI\SchoolWebApp.UI.csproj", "{E293E868-2402-4865-BA6A-307AB060A9DC}"
EndProject
Project("{9A19103F-16F7-4668-BE54-9A1E7A4F7556}") = "SchoolWebApp.WebApi", "src\SchoolWebApp.WebApi\SchoolWebApp.WebApi.csproj", "{922744C9-9BD6-47AB-B8D8-27BB3DFB9A86}"
EndProject
Project("{FAE04EC0-301F-11D3-BF4B-00C04F79EFBC}") = "Models", "Models\Models.csproj", "{16994F55-4E0C-479F-BC89-E4F48FF471F1}"
EndProject
Global
	GlobalSection(SolutionConfigurationPlatforms) = preSolution
		Debug|Any CPU = Debug|Any CPU
		Release|Any CPU = Release|Any CPU
	EndGlobalSection
	GlobalSection(ProjectConfigurationPlatforms) = postSolution
		{57DC0FBD-4985-4321-B226-16D3F11918E5}.Debug|Any CPU.ActiveCfg = Debug|Any CPU
		{57DC0FBD-4985-4321-B226-16D3F11918E5}.Debug|Any CPU.Build.0 = Debug|Any CPU
		{57DC0FBD-4985-4321-B226-16D3F11918E5}.Release|Any CPU.ActiveCfg = Release|Any CPU
		{57DC0FBD-4985-4321-B226-16D3F11918E5}.Release|Any CPU.Build.0 = Release|Any CPU
		{D0E8D127-9333-4378-BA4C-665940973611}.Debug|Any CPU.ActiveCfg = Debug|Any CPU
		{D0E8D127-9333-4378-BA4C-665940973611}.Debug|Any CPU.Build.0 = Debug|Any CPU
		{D0E8D127-9333-4378-BA4C-665940973611}.Release|Any CPU.ActiveCfg = Release|Any CPU
		{D0E8D127-9333-4378-BA4C-665940973611}.Release|Any CPU.Build.0 = Release|Any CPU
		{E293E868-2402-4865-BA6A-307AB060A9DC}.Debug|Any CPU.ActiveCfg = Debug|Any CPU
		{E293E868-2402-4865-BA6A-307AB060A9DC}.Debug|Any CPU.Build.0 = Debug|Any CPU
		{E293E868-2402-4865-BA6A-307AB060A9DC}.Release|Any CPU.ActiveCfg = Release|Any CPU
		{E293E868-2402-4865-BA6A-307AB060A9DC}.Release|Any CPU.Build.0 = Release|Any CPU
		{922744C9-9BD6-47AB-B8D8-27BB3DFB9A86}.Debug|Any CPU.ActiveCfg = Debug|Any CPU
		{922744C9-9BD6-47AB-B8D8-27BB3DFB9A86}.Debug|Any CPU.Build.0 = Debug|Any CPU
		{922744C9-9BD6-47AB-B8D8-27BB3DFB9A86}.Release|Any CPU.ActiveCfg = Release|Any CPU
		{922744C9-9BD6-47AB-B8D8-27BB3DFB9A86}.Release|Any CPU.Build.0 = Release|Any CPU
		{16994F55-4E0C-479F-BC89-E4F48FF471F1}.Debug|Any CPU.ActiveCfg = Debug|Any CPU
		{16994F55-4E0C-479F-BC89-E4F48FF471F1}.Debug|Any CPU.Build.0 = Debug|Any CPU
		{16994F55-4E0C-479F-BC89-E4F48FF471F1}.Release|Any CPU.ActiveCfg = Release|Any CPU
		{16994F55-4E0C-479F-BC89-E4F48FF471F1}.Release|Any CPU.Build.0 = Release|Any CPU
	EndGlobalSection
	GlobalSection(SolutionProperties) = preSolution
		HideSolutionNode = FALSE
	EndGlobalSection
	GlobalSection(ExtensibilityGlobals) = postSolution
		SolutionGuid = {71697900-ABE7-481D-8B0A-40AE52AFE86E}
	EndGlobalSection
EndGlobal
